{
  "nodes": {
    "asciinema-automation": {
      "inputs": {
        "flake-utils": [
          "flake-utils"
        ],
        "nixpkgs": [
          "nixpkgs"
        ],
        "systems": [
          "systems"
        ]
      },
      "locked": {
        "lastModified": 1712042312,
        "narHash": "sha256-1qpWprz04Zmn29ambQuw9dgzxxgX044YOec0Q5JIVxM=",
        "owner": "Nate-Wilkins",
        "repo": "asciinema-automation",
        "rev": "edcd2877306a3db873d9192b9dbb5117ebc7dc0c",
        "type": "github"
      },
      "original": {
        "owner": "Nate-Wilkins",
        "ref": "1.0.1",
        "repo": "asciinema-automation",
        "type": "github"
      }
    },
    "fenix": {
      "inputs": {
        "nixpkgs": [
          "nixpkgs"
        ],
        "rust-analyzer-src": "rust-analyzer-src"
      },
      "locked": {
        "lastModified": 1712038998,
        "narHash": "sha256-bVIEz07/SLxPRRo+1G0cUd26KhoCj8yQc8myhf/93FM=",
        "owner": "nix-community",
        "repo": "fenix",
        "rev": "b1b59b4d908d3e64a7e923a7b434e94e03626ec0",
        "type": "github"
      },
      "original": {
        "owner": "nix-community",
        "repo": "fenix",
        "type": "github"
      }
    },
    "flake-utils": {
      "inputs": {
        "systems": [
          "systems"
        ]
      },
      "locked": {
        "lastModified": 1710146030,
        "narHash": "sha256-SZ5L6eA7HJ/nmkzGG7/ISclqe6oZdOZTNoesiInkXPQ=",
        "owner": "numtide",
        "repo": "flake-utils",
        "rev": "b1d9ab70662946ef0850d488da1c9019f3a9752a",
        "type": "github"
      },
      "original": {
        "owner": "numtide",
        "repo": "flake-utils",
        "type": "github"
      }
    },
    "gitignore": {
      "inputs": {
        "nixpkgs": [
          "nixpkgs"
        ]
      },
      "locked": {
        "lastModified": 1709087332,
        "narHash": "sha256-HG2cCnktfHsKV0s4XW83gU3F57gaTljL9KNSuG6bnQs=",
        "owner": "hercules-ci",
        "repo": "gitignore.nix",
        "rev": "637db329424fd7e46cf4185293b9cc8c88c95394",
        "type": "github"
      },
      "original": {
        "owner": "hercules-ci",
        "repo": "gitignore.nix",
        "type": "github"
      }
    },
    "jikyuu": {
      "inputs": {
        "fenix": [
          "fenix"
        ],
        "flake-utils": [
          "flake-utils"
        ],
        "nixpkgs": [
          "nixpkgs"
        ],
        "systems": [
          "systems"
        ]
      },
      "locked": {
        "lastModified": 1712042482,
        "narHash": "sha256-hiydnAm6cSsHijDDif9gnd6UZY9jRIosNXjNELjf3e0=",
        "owner": "Nate-Wilkins",
        "repo": "jikyuu",
        "rev": "e5e0d41fc5bbefe85312f2e5692da56e6474fd1c",
        "type": "github"
      },
      "original": {
        "owner": "Nate-Wilkins",
        "ref": "1.0.1",
        "repo": "jikyuu",
        "type": "github"
      }
    },
    "nixpkgs": {
      "locked": {
        "lastModified": 1701282334,
        "narHash": "sha256-MxCVrXY6v4QmfTwIysjjaX0XUhqBbxTWWB4HXtDYsdk=",
        "owner": "NixOS",
        "repo": "nixpkgs",
        "rev": "057f9aecfb71c4437d2b27d3323df7f93c010b7e",
        "type": "github"
      },
      "original": {
        "owner": "NixOS",
        "ref": "23.11",
        "repo": "nixpkgs",
        "type": "github"
      }
    },
    "root": {
      "inputs": {
        "asciinema-automation": "asciinema-automation",
        "fenix": "fenix",
        "flake-utils": "flake-utils",
        "gitignore": "gitignore",
        "jikyuu": "jikyuu",
        "nixpkgs": "nixpkgs",
        "systems": "systems",
        "task-documentation": "task-documentation",
        "task-runner": "task-runner"
      }
    },
    "rust-analyzer-src": {
      "flake": false,
      "locked": {
        "lastModified": 1712001933,
        "narHash": "sha256-O8Xnw/qvo827npopZeyDrp4/WrYGm7QQg0Dz/HgheL0=",
        "owner": "rust-lang",
        "repo": "rust-analyzer",
        "rev": "23dd54b010ec0013438e097b17fe2fd47628fb28",
        "type": "github"
      },
      "original": {
        "owner": "rust-lang",
        "ref": "nightly",
        "repo": "rust-analyzer",
        "type": "github"
      }
    },
    "systems": {
      "flake": false,
      "locked": {
        "lastModified": 1,
        "narHash": "sha256-yJg569/Wc8hgG64XgA72/nLsZthk+InI5N+Hhmcc+kA=",
        "path": "./flake.systems.nix",
        "type": "path"
      },
      "original": {
        "path": "./flake.systems.nix",
        "type": "path"
      }
    },
    "task-documentation": {
      "inputs": {
        "asciinema-automation": [
          "asciinema-automation"
        ],
        "fenix": [
          "fenix"
        ],
        "flake-utils": [
          "flake-utils"
        ],
        "gitignore": [
          "gitignore"
        ],
        "jikyuu": [
          "jikyuu"
        ],
        "nixpkgs": [
          "nixpkgs"
        ],
        "systems": [
          "systems"
        ]
      },
      "locked": {
        "lastModified": 1712048513,
        "narHash": "sha256-bzcvokxgyUVl8wQXYwMucEHaoQ3Ggn1v/H3Jg4jWN6Q=",
        "owner": "ox_os",
        "repo": "task-documentation",
        "rev": "6599a10dc3c7ab168e100c8b33b7252735a3b15d",
        "type": "gitlab"
      },
      "original": {
        "owner": "ox_os",
        "ref": "3.0.1",
        "repo": "task-documentation",
        "type": "gitlab"
      }
    },
    "task-runner": {
      "inputs": {
        "asciinema-automation": [
          "asciinema-automation"
        ],
        "fenix": [
          "fenix"
        ],
        "flake-utils": [
          "flake-utils"
        ],
        "gitignore": [
          "gitignore"
        ],
        "jikyuu": [
          "jikyuu"
        ],
        "nixpkgs": [
          "nixpkgs"
        ],
        "systems": [
          "systems"
        ],
        "task-documentation": [
          "task-documentation"
        ]
      },
      "locked": {
        "lastModified": 1712048872,
        "narHash": "sha256-AAUN8XddIra40z1/sL4FYN5002oTCcZO6piwTuCly4k=",
        "owner": "ox_os",
        "repo": "task-runner",
        "rev": "7c668f942bea8fcb2493a73c6df525f77ddf8501",
        "type": "gitlab"
      },
      "original": {
        "owner": "ox_os",
        "ref": "1.0.0",
        "repo": "task-runner",
        "type": "gitlab"
      }
    }
  },
  "root": "root",
  "version": 7
}
